
Microsoft Visual Studio Solution File, Format Version 12.00
# Visual Studio 14
VisualStudioVersion = 14.0.25420.1
MinimumVisualStudioVersion = 10.0.40219.1
Project("{FAE04EC0-301F-11D3-BF4B-00C04F79EFBC}") = "StaticVsDynamicResource", "StaticVsDynamicResource\StaticVsDynamicResource\StaticVsDynamicResource.csproj", "{B161E7E6-4419-4E9A-9A39-13538A6E9610}"
EndProject
Project("{FAE04EC0-301F-11D3-BF4B-00C04F79EFBC}") = "StaticVsDynamicResource.Droid", "StaticVsDynamicResource\StaticVsDynamicResource.Droid\StaticVsDynamicResource.Droid.csproj", "{1243A37D-F38F-4552-965D-660200CFE19E}"
EndProject
Project("{FAE04EC0-301F-11D3-BF4B-00C04F79EFBC}") = "StaticVsDynamicResource.iOS", "StaticVsDynamicResource\StaticVsDynamicResource.iOS\StaticVsDynamicResource.iOS.csproj", "{6553BB74-DFB8-4B22-8314-A4F8B651097A}"
EndProject
Project("{FAE04EC0-301F-11D3-BF4B-00C04F79EFBC}") = "StaticVsDynamicResource.WinPhone", "StaticVsDynamicResource\StaticVsDynamicResource.WinPhone\StaticVsDynamicResource.WinPhone.csproj", "{40621508-EA12-4950-8565-114045ED8C74}"
EndProject
Project("{FAE04EC0-301F-11D3-BF4B-00C04F79EFBC}") = "StaticVsDynamicResource.UWP", "StaticVsDynamicResource\StaticVsDynamicResource.UWP\StaticVsDynamicResource.UWP.csproj", "{DC60AD02-B2D7-46D0-A12F-F40F36F071F0}"
EndProject
Project("{FAE04EC0-301F-11D3-BF4B-00C04F79EFBC}") = "StaticVsDynamicResource.Windows", "StaticVsDynamicResource\StaticVsDynamicResource.Windows\StaticVsDynamicResource.Windows.csproj", "{7F3ABF3E-1E48-4532-8489-CFE5D285C7E2}"
EndProject
Global
	GlobalSection(SolutionConfigurationPlatforms) = preSolution
		Ad-Hoc|Any CPU = Ad-Hoc|Any CPU
		Ad-Hoc|ARM = Ad-Hoc|ARM
		Ad-Hoc|iPhone = Ad-Hoc|iPhone
		Ad-Hoc|iPhoneSimulator = Ad-Hoc|iPhoneSimulator
		Ad-Hoc|x64 = Ad-Hoc|x64
		Ad-Hoc|x86 = Ad-Hoc|x86
		AppStore|Any CPU = AppStore|Any CPU
		AppStore|ARM = AppStore|ARM
		AppStore|iPhone = AppStore|iPhone
		AppStore|iPhoneSimulator = AppStore|iPhoneSimulator
		AppStore|x64 = AppStore|x64
		AppStore|x86 = AppStore|x86
		Debug|Any CPU = Debug|Any CPU
		Debug|ARM = Debug|ARM
		Debug|iPhone = Debug|iPhone
		Debug|iPhoneSimulator = Debug|iPhoneSimulator
		Debug|x64 = Debug|x64
		Debug|x86 = Debug|x86
		Release|Any CPU = Release|Any CPU
		Release|ARM = Release|ARM
		Release|iPhone = Release|iPhone
		Release|iPhoneSimulator = Release|iPhoneSimulator
		Release|x64 = Release|x64
		Release|x86 = Release|x86
	EndGlobalSection
	GlobalSection(ProjectConfigurationPlatforms) = postSolution
		{B161E7E6-4419-4E9A-9A39-13538A6E9610}.Ad-Hoc|Any CPU.ActiveCfg = Release|Any CPU
		{B161E7E6-4419-4E9A-9A39-13538A6E9610}.Ad-Hoc|Any CPU.Build.0 = Release|Any CPU
		{B161E7E6-4419-4E9A-9A39-13538A6E9610}.Ad-Hoc|ARM.ActiveCfg = Release|Any CPU
		{B161E7E6-4419-4E9A-9A39-13538A6E9610}.Ad-Hoc|ARM.Build.0 = Release|Any CPU
		{B161E7E6-4419-4E9A-9A39-13538A6E9610}.Ad-Hoc|iPhone.ActiveCfg = Release|Any CPU
		{B161E7E6-4419-4E9A-9A39-13538A6E9610}.Ad-Hoc|iPhone.Build.0 = Release|Any CPU
		{B161E7E6-4419-4E9A-9A39-13538A6E9610}.Ad-Hoc|iPhoneSimulator.ActiveCfg = Release|Any CPU
		{B161E7E6-4419-4E9A-9A39-13538A6E9610}.Ad-Hoc|iPhoneSimulator.Build.0 = Release|Any CPU
		{B161E7E6-4419-4E9A-9A39-13538A6E9610}.Ad-Hoc|x64.ActiveCfg = Release|Any CPU
		{B161E7E6-4419-4E9A-9A39-13538A6E9610}.Ad-Hoc|x64.Build.0 = Release|Any CPU
		{B161E7E6-4419-4E9A-9A39-13538A6E9610}.Ad-Hoc|x86.ActiveCfg = Release|Any CPU
		{B161E7E6-4419-4E9A-9A39-13538A6E9610}.Ad-Hoc|x86.Build.0 = Release|Any CPU
		{B161E7E6-4419-4E9A-9A39-13538A6E9610}.AppStore|Any CPU.ActiveCfg = Release|Any CPU
		{B161E7E6-4419-4E9A-9A39-13538A6E9610}.AppStore|Any CPU.Build.0 = Release|Any CPU
		{B161E7E6-4419-4E9A-9A39-13538A6E9610}.AppStore|ARM.ActiveCfg = Release|Any CPU
		{B161E7E6-4419-4E9A-9A39-13538A6E9610}.AppStore|ARM.Build.0 = Release|Any CPU
		{B161E7E6-4419-4E9A-9A39-13538A6E9610}.AppStore|iPhone.ActiveCfg = Release|Any CPU
		{B161E7E6-4419-4E9A-9A39-13538A6E9610}.AppStore|iPhone.Build.0 = Release|Any CPU
		{B161E7E6-4419-4E9A-9A39-13538A6E9610}.AppStore|iPhoneSimulator.ActiveCfg = Release|Any CPU
		{B161E7E6-4419-4E9A-9A39-13538A6E9610}.AppStore|iPhoneSimulator.Build.0 = Release|Any CPU
		{B161E7E6-4419-4E9A-9A39-13538A6E9610}.AppStore|x64.ActiveCfg = Release|Any CPU
		{B161E7E6-4419-4E9A-9A39-13538A6E9610}.AppStore|x64.Build.0 = Release|Any CPU
		{B161E7E6-4419-4E9A-9A39-13538A6E9610}.AppStore|x86.ActiveCfg = Release|Any CPU
		{B161E7E6-4419-4E9A-9A39-13538A6E9610}.AppStore|x86.Build.0 = Release|Any CPU
		{B161E7E6-4419-4E9A-9A39-13538A6E9610}.Debug|Any CPU.ActiveCfg = Debug|Any CPU
		{B161E7E6-4419-4E9A-9A39-13538A6E9610}.Debug|Any CPU.Build.0 = Debug|Any CPU
		{B161E7E6-4419-4E9A-9A39-13538A6E9610}.Debug|ARM.ActiveCfg = Debug|Any CPU
		{B161E7E6-4419-4E9A-9A39-13538A6E9610}.Debug|ARM.Build.0 = Debug|Any CPU
		{B161E7E6-4419-4E9A-9A39-13538A6E9610}.Debug|iPhone.ActiveCfg = Debug|Any CPU
		{B161E7E6-4419-4E9A-9A39-13538A6E9610}.Debug|iPhone.Build.0 = Debug|Any CPU
		{B161E7E6-4419-4E9A-9A39-13538A6E9610}.Debug|iPhoneSimulator.ActiveCfg = Debug|Any CPU
		{B161E7E6-4419-4E9A-9A39-13538A6E9610}.Debug|iPhoneSimulator.Build.0 = Debug|Any CPU
		{B161E7E6-4419-4E9A-9A39-13538A6E9610}.Debug|x64.ActiveCfg = Debug|Any CPU
		{B161E7E6-4419-4E9A-9A39-13538A6E9610}.Debug|x64.Build.0 = Debug|Any CPU
		{B161E7E6-4419-4E9A-9A39-13538A6E9610}.Debug|x86.ActiveCfg = Debug|Any CPU
		{B161E7E6-4419-4E9A-9A39-13538A6E9610}.Debug|x86.Build.0 = Debug|Any CPU
		{B161E7E6-4419-4E9A-9A39-13538A6E9610}.Release|Any CPU.ActiveCfg = Release|Any CPU
		{B161E7E6-4419-4E9A-9A39-13538A6E9610}.Release|Any CPU.Build.0 = Release|Any CPU
		{B161E7E6-4419-4E9A-9A39-13538A6E9610}.Release|ARM.ActiveCfg = Release|Any CPU
		{B161E7E6-4419-4E9A-9A39-13538A6E9610}.Release|ARM.Build.0 = Release|Any CPU
		{B161E7E6-4419-4E9A-9A39-13538A6E9610}.Release|iPhone.ActiveCfg = Release|Any CPU
		{B161E7E6-4419-4E9A-9A39-13538A6E9610}.Release|iPhone.Build.0 = Release|Any CPU
		{B161E7E6-4419-4E9A-9A39-13538A6E9610}.Release|iPhoneSimulator.ActiveCfg = Release|Any CPU
		{B161E7E6-4419-4E9A-9A39-13538A6E9610}.Release|iPhoneSimulator.Build.0 = Release|Any CPU
		{B161E7E6-4419-4E9A-9A39-13538A6E9610}.Release|x64.ActiveCfg = Release|Any CPU
		{B161E7E6-4419-4E9A-9A39-13538A6E9610}.Release|x64.Build.0 = Release|Any CPU
		{B161E7E6-4419-4E9A-9A39-13538A6E9610}.Release|x86.ActiveCfg = Release|Any CPU
		{B161E7E6-4419-4E9A-9A39-13538A6E9610}.Release|x86.Build.0 = Release|Any CPU
		{1243A37D-F38F-4552-965D-660200CFE19E}.Ad-Hoc|Any CPU.ActiveCfg = Release|Any CPU
		{1243A37D-F38F-4552-965D-660200CFE19E}.Ad-Hoc|Any CPU.Build.0 = Release|Any CPU
		{1243A37D-F38F-4552-965D-660200CFE19E}.Ad-Hoc|Any CPU.Deploy.0 = Release|Any CPU
		{1243A37D-F38F-4552-965D-660200CFE19E}.Ad-Hoc|ARM.ActiveCfg = Release|Any CPU
		{1243A37D-F38F-4552-965D-660200CFE19E}.Ad-Hoc|ARM.Build.0 = Release|Any CPU
		{1243A37D-F38F-4552-965D-660200CFE19E}.Ad-Hoc|ARM.Deploy.0 = Release|Any CPU
		{1243A37D-F38F-4552-965D-660200CFE19E}.Ad-Hoc|iPhone.ActiveCfg = Release|Any CPU
		{1243A37D-F38F-4552-965D-660200CFE19E}.Ad-Hoc|iPhone.Build.0 = Release|Any CPU
		{1243A37D-F38F-4552-965D-660200CFE19E}.Ad-Hoc|iPhone.Deploy.0 = Release|Any CPU
		{1243A37D-F38F-4552-965D-660200CFE19E}.Ad-Hoc|iPhoneSimulator.ActiveCfg = Release|Any CPU
		{1243A37D-F38F-4552-965D-660200CFE19E}.Ad-Hoc|iPhoneSimulator.Build.0 = Release|Any CPU
		{1243A37D-F38F-4552-965D-660200CFE19E}.Ad-Hoc|iPhoneSimulator.Deploy.0 = Release|Any CPU
		{1243A37D-F38F-4552-965D-660200CFE19E}.Ad-Hoc|x64.ActiveCfg = Release|Any CPU
		{1243A37D-F38F-4552-965D-660200CFE19E}.Ad-Hoc|x64.Build.0 = Release|Any CPU
		{1243A37D-F38F-4552-965D-660200CFE19E}.Ad-Hoc|x64.Deploy.0 = Release|Any CPU
		{1243A37D-F38F-4552-965D-660200CFE19E}.Ad-Hoc|x86.ActiveCfg = Release|Any CPU
		{1243A37D-F38F-4552-965D-660200CFE19E}.Ad-Hoc|x86.Build.0 = Release|Any CPU
		{1243A37D-F38F-4552-965D-660200CFE19E}.Ad-Hoc|x86.Deploy.0 = Release|Any CPU
		{1243A37D-F38F-4552-965D-660200CFE19E}.AppStore|Any CPU.ActiveCfg = Release|Any CPU
		{1243A37D-F38F-4552-965D-660200CFE19E}.AppStore|Any CPU.Build.0 = Release|Any CPU
		{1243A37D-F38F-4552-965D-660200CFE19E}.AppStore|Any CPU.Deploy.0 = Release|Any CPU
		{1243A37D-F38F-4552-965D-660200CFE19E}.AppStore|ARM.ActiveCfg = Release|Any CPU
		{1243A37D-F38F-4552-965D-660200CFE19E}.AppStore|ARM.Build.0 = Release|Any CPU
		{1243A37D-F38F-4552-965D-660200CFE19E}.AppStore|ARM.Deploy.0 = Release|Any CPU
		{1243A37D-F38F-4552-965D-660200CFE19E}.AppStore|iPhone.ActiveCfg = Release|Any CPU
		{1243A37D-F38F-4552-965D-660200CFE19E}.AppStore|iPhone.Build.0 = Release|Any CPU
		{1243A37D-F38F-4552-965D-660200CFE19E}.AppStore|iPhone.Deploy.0 = Release|Any CPU
		{1243A37D-F38F-4552-965D-660200CFE19E}.AppStore|iPhoneSimulator.ActiveCfg = Release|Any CPU
		{1243A37D-F38F-4552-965D-660200CFE19E}.AppStore|iPhoneSimulator.Build.0 = Release|Any CPU
		{1243A37D-F38F-4552-965D-660200CFE19E}.AppStore|iPhoneSimulator.Deploy.0 = Release|Any CPU
		{1243A37D-F38F-4552-965D-660200CFE19E}.AppStore|x64.ActiveCfg = Release|Any CPU
		{1243A37D-F38F-4552-965D-660200CFE19E}.AppStore|x64.Build.0 = Release|Any CPU
		{1243A37D-F38F-4552-965D-660200CFE19E}.AppStore|x64.Deploy.0 = Release|Any CPU
		{1243A37D-F38F-4552-965D-660200CFE19E}.AppStore|x86.ActiveCfg = Release|Any CPU
		{1243A37D-F38F-4552-965D-660200CFE19E}.AppStore|x86.Build.0 = Release|Any CPU
		{1243A37D-F38F-4552-965D-660200CFE19E}.AppStore|x86.Deploy.0 = Release|Any CPU
		{1243A37D-F38F-4552-965D-660200CFE19E}.Debug|Any CPU.ActiveCfg = Debug|Any CPU
		{1243A37D-F38F-4552-965D-660200CFE19E}.Debug|Any CPU.Build.0 = Debug|Any CPU
		{1243A37D-F38F-4552-965D-660200CFE19E}.Debug|Any CPU.Deploy.0 = Debug|Any CPU
		{1243A37D-F38F-4552-965D-660200CFE19E}.Debug|ARM.ActiveCfg = Debug|Any CPU
		{1243A37D-F38F-4552-965D-660200CFE19E}.Debug|ARM.Build.0 = Debug|Any CPU
		{1243A37D-F38F-4552-965D-660200CFE19E}.Debug|ARM.Deploy.0 = Debug|Any CPU
		{1243A37D-F38F-4552-965D-660200CFE19E}.Debug|iPhone.ActiveCfg = Debug|Any CPU
		{1243A37D-F38F-4552-965D-660200CFE19E}.Debug|iPhone.Build.0 = Debug|Any CPU
		{1243A37D-F38F-4552-965D-660200CFE19E}.Debug|iPhone.Deploy.0 = Debug|Any CPU
		{1243A37D-F38F-4552-965D-660200CFE19E}.Debug|iPhoneSimulator.ActiveCfg = Debug|Any CPU
		{1243A37D-F38F-4552-965D-660200CFE19E}.Debug|iPhoneSimulator.Build.0 = Debug|Any CPU
		{1243A37D-F38F-4552-965D-660200CFE19E}.Debug|iPhoneSimulator.Deploy.0 = Debug|Any CPU
		{1243A37D-F38F-4552-965D-660200CFE19E}.Debug|x64.ActiveCfg = Debug|Any CPU
		{1243A37D-F38F-4552-965D-660200CFE19E}.Debug|x64.Build.0 = Debug|Any CPU
		{1243A37D-F38F-4552-965D-660200CFE19E}.Debug|x64.Deploy.0 = Debug|Any CPU
		{1243A37D-F38F-4552-965D-660200CFE19E}.Debug|x86.ActiveCfg = Debug|Any CPU
		{1243A37D-F38F-4552-965D-660200CFE19E}.Debug|x86.Build.0 = Debug|Any CPU
		{1243A37D-F38F-4552-965D-660200CFE19E}.Debug|x86.Deploy.0 = Debug|Any CPU
		{1243A37D-F38F-4552-965D-660200CFE19E}.Release|Any CPU.ActiveCfg = Release|Any CPU
		{1243A37D-F38F-4552-965D-660200CFE19E}.Release|Any CPU.Build.0 = Release|Any CPU
		{1243A37D-F38F-4552-965D-660200CFE19E}.Release|Any CPU.Deploy.0 = Release|Any CPU
		{1243A37D-F38F-4552-965D-660200CFE19E}.Release|ARM.ActiveCfg = Release|Any CPU
		{1243A37D-F38F-4552-965D-660200CFE19E}.Release|ARM.Build.0 = Release|Any CPU
		{1243A37D-F38F-4552-965D-660200CFE19E}.Release|ARM.Deploy.0 = Release|Any CPU
		{1243A37D-F38F-4552-965D-660200CFE19E}.Release|iPhone.ActiveCfg = Release|Any CPU
		{1243A37D-F38F-4552-965D-660200CFE19E}.Release|iPhone.Build.0 = Release|Any CPU
		{1243A37D-F38F-4552-965D-660200CFE19E}.Release|iPhone.Deploy.0 = Release|Any CPU
		{1243A37D-F38F-4552-965D-660200CFE19E}.Release|iPhoneSimulator.ActiveCfg = Release|Any CPU
		{1243A37D-F38F-4552-965D-660200CFE19E}.Release|iPhoneSimulator.Build.0 = Release|Any CPU
		{1243A37D-F38F-4552-965D-660200CFE19E}.Release|iPhoneSimulator.Deploy.0 = Release|Any CPU
		{1243A37D-F38F-4552-965D-660200CFE19E}.Release|x64.ActiveCfg = Release|Any CPU
		{1243A37D-F38F-4552-965D-660200CFE19E}.Release|x64.Build.0 = Release|Any CPU
		{1243A37D-F38F-4552-965D-660200CFE19E}.Release|x64.Deploy.0 = Release|Any CPU
		{1243A37D-F38F-4552-965D-660200CFE19E}.Release|x86.ActiveCfg = Release|Any CPU
		{1243A37D-F38F-4552-965D-660200CFE19E}.Release|x86.Build.0 = Release|Any CPU
		{1243A37D-F38F-4552-965D-660200CFE19E}.Release|x86.Deploy.0 = Release|Any CPU
		{6553BB74-DFB8-4B22-8314-A4F8B651097A}.Ad-Hoc|Any CPU.ActiveCfg = Ad-Hoc|iPhone
		{6553BB74-DFB8-4B22-8314-A4F8B651097A}.Ad-Hoc|ARM.ActiveCfg = Ad-Hoc|iPhone
		{6553BB74-DFB8-4B22-8314-A4F8B651097A}.Ad-Hoc|iPhone.ActiveCfg = Ad-Hoc|iPhone
		{6553BB74-DFB8-4B22-8314-A4F8B651097A}.Ad-Hoc|iPhone.Build.0 = Ad-Hoc|iPhone
		{6553BB74-DFB8-4B22-8314-A4F8B651097A}.Ad-Hoc|iPhoneSimulator.ActiveCfg = Ad-Hoc|iPhoneSimulator
		{6553BB74-DFB8-4B22-8314-A4F8B651097A}.Ad-Hoc|iPhoneSimulator.Build.0 = Ad-Hoc|iPhoneSimulator
		{6553BB74-DFB8-4B22-8314-A4F8B651097A}.Ad-Hoc|x64.ActiveCfg = Ad-Hoc|iPhone
		{6553BB74-DFB8-4B22-8314-A4F8B651097A}.Ad-Hoc|x86.ActiveCfg = Ad-Hoc|iPhone
		{6553BB74-DFB8-4B22-8314-A4F8B651097A}.AppStore|Any CPU.ActiveCfg = AppStore|iPhone
		{6553BB74-DFB8-4B22-8314-A4F8B651097A}.AppStore|ARM.ActiveCfg = AppStore|iPhone
		{6553BB74-DFB8-4B22-8314-A4F8B651097A}.AppStore|iPhone.ActiveCfg = AppStore|iPhone
		{6553BB74-DFB8-4B22-8314-A4F8B651097A}.AppStore|iPhone.Build.0 = AppStore|iPhone
		{6553BB74-DFB8-4B22-8314-A4F8B651097A}.AppStore|iPhoneSimulator.ActiveCfg = AppStore|iPhoneSimulator
		{6553BB74-DFB8-4B22-8314-A4F8B651097A}.AppStore|iPhoneSimulator.Build.0 = AppStore|iPhoneSimulator
		{6553BB74-DFB8-4B22-8314-A4F8B651097A}.AppStore|x64.ActiveCfg = AppStore|iPhone
		{6553BB74-DFB8-4B22-8314-A4F8B651097A}.AppStore|x86.ActiveCfg = AppStore|iPhone
		{6553BB74-DFB8-4B22-8314-A4F8B651097A}.Debug|Any CPU.ActiveCfg = Debug|iPhone
		{6553BB74-DFB8-4B22-8314-A4F8B651097A}.Debug|ARM.ActiveCfg = Debug|iPhone
		{6553BB74-DFB8-4B22-8314-A4F8B651097A}.Debug|iPhone.ActiveCfg = Debug|iPhone
		{6553BB74-DFB8-4B22-8314-A4F8B651097A}.Debug|iPhone.Build.0 = Debug|iPhone
		{6553BB74-DFB8-4B22-8314-A4F8B651097A}.Debug|iPhoneSimulator.ActiveCfg = Debug|iPhoneSimulator
		{6553BB74-DFB8-4B22-8314-A4F8B651097A}.Debug|iPhoneSimulator.Build.0 = Debug|iPhoneSimulator
		{6553BB74-DFB8-4B22-8314-A4F8B651097A}.Debug|x64.ActiveCfg = Debug|iPhone
		{6553BB74-DFB8-4B22-8314-A4F8B651097A}.Debug|x86.ActiveCfg = Debug|iPhone
		{6553BB74-DFB8-4B22-8314-A4F8B651097A}.Release|Any CPU.ActiveCfg = Release|iPhone
		{6553BB74-DFB8-4B22-8314-A4F8B651097A}.Release|ARM.ActiveCfg = Release|iPhone
		{6553BB74-DFB8-4B22-8314-A4F8B651097A}.Release|iPhone.ActiveCfg = Release|iPhone
		{6553BB74-DFB8-4B22-8314-A4F8B651097A}.Release|iPhone.Build.0 = Release|iPhone
		{6553BB74-DFB8-4B22-8314-A4F8B651097A}.Release|iPhoneSimulator.ActiveCfg = Release|iPhoneSimulator
		{6553BB74-DFB8-4B22-8314-A4F8B651097A}.Release|iPhoneSimulator.Build.0 = Release|iPhoneSimulator
		{6553BB74-DFB8-4B22-8314-A4F8B651097A}.Release|x64.ActiveCfg = Release|iPhone
		{6553BB74-DFB8-4B22-8314-A4F8B651097A}.Release|x86.ActiveCfg = Release|iPhone
		{40621508-EA12-4950-8565-114045ED8C74}.Ad-Hoc|Any CPU.ActiveCfg = Release|Any CPU
		{40621508-EA12-4950-8565-114045ED8C74}.Ad-Hoc|Any CPU.Build.0 = Release|Any CPU
		{40621508-EA12-4950-8565-114045ED8C74}.Ad-Hoc|Any CPU.Deploy.0 = Release|Any CPU
		{40621508-EA12-4950-8565-114045ED8C74}.Ad-Hoc|ARM.ActiveCfg = Release|ARM
		{40621508-EA12-4950-8565-114045ED8C74}.Ad-Hoc|ARM.Build.0 = Release|ARM
		{40621508-EA12-4950-8565-114045ED8C74}.Ad-Hoc|ARM.Deploy.0 = Release|ARM
		{40621508-EA12-4950-8565-114045ED8C74}.Ad-Hoc|iPhone.ActiveCfg = Release|Any CPU
		{40621508-EA12-4950-8565-114045ED8C74}.Ad-Hoc|iPhone.Build.0 = Release|Any CPU
		{40621508-EA12-4950-8565-114045ED8C74}.Ad-Hoc|iPhone.Deploy.0 = Release|Any CPU
		{40621508-EA12-4950-8565-114045ED8C74}.Ad-Hoc|iPhoneSimulator.ActiveCfg = Release|Any CPU
		{40621508-EA12-4950-8565-114045ED8C74}.Ad-Hoc|iPhoneSimulator.Build.0 = Release|Any CPU
		{40621508-EA12-4950-8565-114045ED8C74}.Ad-Hoc|iPhoneSimulator.Deploy.0 = Release|Any CPU
		{40621508-EA12-4950-8565-114045ED8C74}.Ad-Hoc|x64.ActiveCfg = Release|Any CPU
		{40621508-EA12-4950-8565-114045ED8C74}.Ad-Hoc|x64.Build.0 = Release|Any CPU
		{40621508-EA12-4950-8565-114045ED8C74}.Ad-Hoc|x64.Deploy.0 = Release|Any CPU
		{40621508-EA12-4950-8565-114045ED8C74}.Ad-Hoc|x86.ActiveCfg = Release|x86
		{40621508-EA12-4950-8565-114045ED8C74}.Ad-Hoc|x86.Build.0 = Release|x86
		{40621508-EA12-4950-8565-114045ED8C74}.Ad-Hoc|x86.Deploy.0 = Release|x86
		{40621508-EA12-4950-8565-114045ED8C74}.AppStore|Any CPU.ActiveCfg = Release|Any CPU
		{40621508-EA12-4950-8565-114045ED8C74}.AppStore|Any CPU.Build.0 = Release|Any CPU
		{40621508-EA12-4950-8565-114045ED8C74}.AppStore|Any CPU.Deploy.0 = Release|Any CPU
		{40621508-EA12-4950-8565-114045ED8C74}.AppStore|ARM.ActiveCfg = Release|ARM
		{40621508-EA12-4950-8565-114045ED8C74}.AppStore|ARM.Build.0 = Release|ARM
		{40621508-EA12-4950-8565-114045ED8C74}.AppStore|ARM.Deploy.0 = Release|ARM
		{40621508-EA12-4950-8565-114045ED8C74}.AppStore|iPhone.ActiveCfg = Release|Any CPU
		{40621508-EA12-4950-8565-114045ED8C74}.AppStore|iPhone.Build.0 = Release|Any CPU
		{40621508-EA12-4950-8565-114045ED8C74}.AppStore|iPhone.Deploy.0 = Release|Any CPU
		{40621508-EA12-4950-8565-114045ED8C74}.AppStore|iPhoneSimulator.ActiveCfg = Release|Any CPU
		{40621508-EA12-4950-8565-114045ED8C74}.AppStore|iPhoneSimulator.Build.0 = Release|Any CPU
		{40621508-EA12-4950-8565-114045ED8C74}.AppStore|iPhoneSimulator.Deploy.0 = Release|Any CPU
		{40621508-EA12-4950-8565-114045ED8C74}.AppStore|x64.ActiveCfg = Release|Any CPU
		{40621508-EA12-4950-8565-114045ED8C74}.AppStore|x64.Build.0 = Release|Any CPU
		{40621508-EA12-4950-8565-114045ED8C74}.AppStore|x64.Deploy.0 = Release|Any CPU
		{40621508-EA12-4950-8565-114045ED8C74}.AppStore|x86.ActiveCfg = Release|x86
		{40621508-EA12-4950-8565-114045ED8C74}.AppStore|x86.Build.0 = Release|x86
		{40621508-EA12-4950-8565-114045ED8C74}.AppStore|x86.Deploy.0 = Release|x86
		{40621508-EA12-4950-8565-114045ED8C74}.Debug|Any CPU.ActiveCfg = Debug|Any CPU
		{40621508-EA12-4950-8565-114045ED8C74}.Debug|Any CPU.Build.0 = Debug|Any CPU
		{40621508-EA12-4950-8565-114045ED8C74}.Debug|Any CPU.Deploy.0 = Debug|Any CPU
		{40621508-EA12-4950-8565-114045ED8C74}.Debug|ARM.ActiveCfg = Debug|ARM
		{40621508-EA12-4950-8565-114045ED8C74}.Debug|ARM.Build.0 = Debug|ARM
		{40621508-EA12-4950-8565-114045ED8C74}.Debug|ARM.Deploy.0 = Debug|ARM
		{40621508-EA12-4950-8565-114045ED8C74}.Debug|iPhone.ActiveCfg = Debug|Any CPU
		{40621508-EA12-4950-8565-114045ED8C74}.Debug|iPhone.Build.0 = Debug|Any CPU
		{40621508-EA12-4950-8565-114045ED8C74}.Debug|iPhone.Deploy.0 = Debug|Any CPU
		{40621508-EA12-4950-8565-114045ED8C74}.Debug|iPhoneSimulator.ActiveCfg = Debug|Any CPU
		{40621508-EA12-4950-8565-114045ED8C74}.Debug|iPhoneSimulator.Build.0 = Debug|Any CPU
		{40621508-EA12-4950-8565-114045ED8C74}.Debug|iPhoneSimulator.Deploy.0 = Debug|Any CPU
		{40621508-EA12-4950-8565-114045ED8C74}.Debug|x64.ActiveCfg = Debug|Any CPU
		{40621508-EA12-4950-8565-114045ED8C74}.Debug|x64.Build.0 = Debug|Any CPU
		{40621508-EA12-4950-8565-114045ED8C74}.Debug|x64.Deploy.0 = Debug|Any CPU
		{40621508-EA12-4950-8565-114045ED8C74}.Debug|x86.ActiveCfg = Debug|x86
		{40621508-EA12-4950-8565-114045ED8C74}.Debug|x86.Build.0 = Debug|x86
		{40621508-EA12-4950-8565-114045ED8C74}.Debug|x86.Deploy.0 = Debug|x86
		{40621508-EA12-4950-8565-114045ED8C74}.Release|Any CPU.ActiveCfg = Release|Any CPU
		{40621508-EA12-4950-8565-114045ED8C74}.Release|Any CPU.Build.0 = Release|Any CPU
		{40621508-EA12-4950-8565-114045ED8C74}.Release|Any CPU.Deploy.0 = Release|Any CPU
		{40621508-EA12-4950-8565-114045ED8C74}.Release|ARM.ActiveCfg = Release|ARM
		{40621508-EA12-4950-8565-114045ED8C74}.Release|ARM.Build.0 = Release|ARM
		{40621508-EA12-4950-8565-114045ED8C74}.Release|ARM.Deploy.0 = Release|ARM
		{40621508-EA12-4950-8565-114045ED8C74}.Release|iPhone.ActiveCfg = Release|Any CPU
		{40621508-EA12-4950-8565-114045ED8C74}.Release|iPhone.Build.0 = Release|Any CPU
		{40621508-EA12-4950-8565-114045ED8C74}.Release|iPhone.Deploy.0 = Release|Any CPU
		{40621508-EA12-4950-8565-114045ED8C74}.Release|iPhoneSimulator.ActiveCfg = Release|Any CPU
		{40621508-EA12-4950-8565-114045ED8C74}.Release|iPhoneSimulator.Build.0 = Release|Any CPU
		{40621508-EA12-4950-8565-114045ED8C74}.Release|iPhoneSimulator.Deploy.0 = Release|Any CPU
		{40621508-EA12-4950-8565-114045ED8C74}.Release|x64.ActiveCfg = Release|Any CPU
		{40621508-EA12-4950-8565-114045ED8C74}.Release|x64.Build.0 = Release|Any CPU
		{40621508-EA12-4950-8565-114045ED8C74}.Release|x64.Deploy.0 = Release|Any CPU
		{40621508-EA12-4950-8565-114045ED8C74}.Release|x86.ActiveCfg = Release|x86
		{40621508-EA12-4950-8565-114045ED8C74}.Release|x86.Build.0 = Release|x86
		{40621508-EA12-4950-8565-114045ED8C74}.Release|x86.Deploy.0 = Release|x86
		{DC60AD02-B2D7-46D0-A12F-F40F36F071F0}.Ad-Hoc|Any CPU.ActiveCfg = Release|x86
		{DC60AD02-B2D7-46D0-A12F-F40F36F071F0}.Ad-Hoc|Any CPU.Build.0 = Release|x86
		{DC60AD02-B2D7-46D0-A12F-F40F36F071F0}.Ad-Hoc|Any CPU.Deploy.0 = Release|x86
		{DC60AD02-B2D7-46D0-A12F-F40F36F071F0}.Ad-Hoc|ARM.ActiveCfg = Release|ARM
		{DC60AD02-B2D7-46D0-A12F-F40F36F071F0}.Ad-Hoc|ARM.Build.0 = Release|ARM
		{DC60AD02-B2D7-46D0-A12F-F40F36F071F0}.Ad-Hoc|ARM.Deploy.0 = Release|ARM
		{DC60AD02-B2D7-46D0-A12F-F40F36F071F0}.Ad-Hoc|iPhone.ActiveCfg = Release|x86
		{DC60AD02-B2D7-46D0-A12F-F40F36F071F0}.Ad-Hoc|iPhone.Build.0 = Release|x86
		{DC60AD02-B2D7-46D0-A12F-F40F36F071F0}.Ad-Hoc|iPhone.Deploy.0 = Release|x86
		{DC60AD02-B2D7-46D0-A12F-F40F36F071F0}.Ad-Hoc|iPhoneSimulator.ActiveCfg = Release|x86
		{DC60AD02-B2D7-46D0-A12F-F40F36F071F0}.Ad-Hoc|iPhoneSimulator.Build.0 = Release|x86
		{DC60AD02-B2D7-46D0-A12F-F40F36F071F0}.Ad-Hoc|iPhoneSimulator.Deploy.0 = Release|x86
		{DC60AD02-B2D7-46D0-A12F-F40F36F071F0}.Ad-Hoc|x64.ActiveCfg = Release|x64
		{DC60AD02-B2D7-46D0-A12F-F40F36F071F0}.Ad-Hoc|x64.Build.0 = Release|x64
		{DC60AD02-B2D7-46D0-A12F-F40F36F071F0}.Ad-Hoc|x64.Deploy.0 = Release|x64
		{DC60AD02-B2D7-46D0-A12F-F40F36F071F0}.Ad-Hoc|x86.ActiveCfg = Release|x86
		{DC60AD02-B2D7-46D0-A12F-F40F36F071F0}.Ad-Hoc|x86.Build.0 = Release|x86
		{DC60AD02-B2D7-46D0-A12F-F40F36F071F0}.Ad-Hoc|x86.Deploy.0 = Release|x86
		{DC60AD02-B2D7-46D0-A12F-F40F36F071F0}.AppStore|Any CPU.ActiveCfg = Release|x86
		{DC60AD02-B2D7-46D0-A12F-F40F36F071F0}.AppStore|Any CPU.Build.0 = Release|x86
		{DC60AD02-B2D7-46D0-A12F-F40F36F071F0}.AppStore|Any CPU.Deploy.0 = Release|x86
		{DC60AD02-B2D7-46D0-A12F-F40F36F071F0}.AppStore|ARM.ActiveCfg = Release|ARM
		{DC60AD02-B2D7-46D0-A12F-F40F36F071F0}.AppStore|ARM.Build.0 = Release|ARM
		{DC60AD02-B2D7-46D0-A12F-F40F36F071F0}.AppStore|ARM.Deploy.0 = Release|ARM
		{DC60AD02-B2D7-46D0-A12F-F40F36F071F0}.AppStore|iPhone.ActiveCfg = Release|x86
		{DC60AD02-B2D7-46D0-A12F-F40F36F071F0}.AppStore|iPhone.Build.0 = Release|x86
		{DC60AD02-B2D7-46D0-A12F-F40F36F071F0}.AppStore|iPhone.Deploy.0 = Release|x86
		{DC60AD02-B2D7-46D0-A12F-F40F36F071F0}.AppStore|iPhoneSimulator.ActiveCfg = Release|x86
		{DC60AD02-B2D7-46D0-A12F-F40F36F071F0}.AppStore|iPhoneSimulator.Build.0 = Release|x86
		{DC60AD02-B2D7-46D0-A12F-F40F36F071F0}.AppStore|iPhoneSimulator.Deploy.0 = Release|x86
		{DC60AD02-B2D7-46D0-A12F-F40F36F071F0}.AppStore|x64.ActiveCfg = Release|x64
		{DC60AD02-B2D7-46D0-A12F-F40F36F071F0}.AppStore|x64.Build.0 = Release|x64
		{DC60AD02-B2D7-46D0-A12F-F40F36F071F0}.AppStore|x64.Deploy.0 = Release|x64
		{DC60AD02-B2D7-46D0-A12F-F40F36F071F0}.AppStore|x86.ActiveCfg = Release|x86
		{DC60AD02-B2D7-46D0-A12F-F40F36F071F0}.AppStore|x86.Build.0 = Release|x86
		{DC60AD02-B2D7-46D0-A12F-F40F36F071F0}.AppStore|x86.Deploy.0 = Release|x86
		{DC60AD02-B2D7-46D0-A12F-F40F36F071F0}.Debug|Any CPU.ActiveCfg = Debug|x86
		{DC60AD02-B2D7-46D0-A12F-F40F36F071F0}.Debug|ARM.ActiveCfg = Debug|ARM
		{DC60AD02-B2D7-46D0-A12F-F40F36F071F0}.Debug|ARM.Build.0 = Debug|ARM
		{DC60AD02-B2D7-46D0-A12F-F40F36F071F0}.Debug|ARM.Deploy.0 = Debug|ARM
		{DC60AD02-B2D7-46D0-A12F-F40F36F071F0}.Debug|iPhone.ActiveCfg = Debug|x86
		{DC60AD02-B2D7-46D0-A12F-F40F36F071F0}.Debug|iPhoneSimulator.ActiveCfg = Debug|x86
		{DC60AD02-B2D7-46D0-A12F-F40F36F071F0}.Debug|x64.ActiveCfg = Debug|x64
		{DC60AD02-B2D7-46D0-A12F-F40F36F071F0}.Debug|x64.Build.0 = Debug|x64
		{DC60AD02-B2D7-46D0-A12F-F40F36F071F0}.Debug|x64.Deploy.0 = Debug|x64
		{DC60AD02-B2D7-46D0-A12F-F40F36F071F0}.Debug|x86.ActiveCfg = Debug|x86
		{DC60AD02-B2D7-46D0-A12F-F40F36F071F0}.Debug|x86.Build.0 = Debug|x86
		{DC60AD02-B2D7-46D0-A12F-F40F36F071F0}.Debug|x86.Deploy.0 = Debug|x86
		{DC60AD02-B2D7-46D0-A12F-F40F36F071F0}.Release|Any CPU.ActiveCfg = Release|x86
		{DC60AD02-B2D7-46D0-A12F-F40F36F071F0}.Release|ARM.ActiveCfg = Release|ARM
		{DC60AD02-B2D7-46D0-A12F-F40F36F071F0}.Release|ARM.Build.0 = Release|ARM
		{DC60AD02-B2D7-46D0-A12F-F40F36F071F0}.Release|ARM.Deploy.0 = Release|ARM
		{DC60AD02-B2D7-46D0-A12F-F40F36F071F0}.Release|iPhone.ActiveCfg = Release|x86
		{DC60AD02-B2D7-46D0-A12F-F40F36F071F0}.Release|iPhoneSimulator.ActiveCfg = Release|x86
		{DC60AD02-B2D7-46D0-A12F-F40F36F071F0}.Release|x64.ActiveCfg = Release|x64
		{DC60AD02-B2D7-46D0-A12F-F40F36F071F0}.Release|x64.Build.0 = Release|x64
		{DC60AD02-B2D7-46D0-A12F-F40F36F071F0}.Release|x64.Deploy.0 = Release|x64
		{DC60AD02-B2D7-46D0-A12F-F40F36F071F0}.Release|x86.ActiveCfg = Release|x86
		{DC60AD02-B2D7-46D0-A12F-F40F36F071F0}.Release|x86.Build.0 = Release|x86
		{DC60AD02-B2D7-46D0-A12F-F40F36F071F0}.Release|x86.Deploy.0 = Release|x86
		{7F3ABF3E-1E48-4532-8489-CFE5D285C7E2}.Ad-Hoc|Any CPU.ActiveCfg = Release|Any CPU
		{7F3ABF3E-1E48-4532-8489-CFE5D285C7E2}.Ad-Hoc|Any CPU.Build.0 = Release|Any CPU
		{7F3ABF3E-1E48-4532-8489-CFE5D285C7E2}.Ad-Hoc|Any CPU.Deploy.0 = Release|Any CPU
		{7F3ABF3E-1E48-4532-8489-CFE5D285C7E2}.Ad-Hoc|ARM.ActiveCfg = Release|ARM
		{7F3ABF3E-1E48-4532-8489-CFE5D285C7E2}.Ad-Hoc|ARM.Build.0 = Release|ARM
		{7F3ABF3E-1E48-4532-8489-CFE5D285C7E2}.Ad-Hoc|ARM.Deploy.0 = Release|ARM
		{7F3ABF3E-1E48-4532-8489-CFE5D285C7E2}.Ad-Hoc|iPhone.ActiveCfg = Release|Any CPU
		{7F3ABF3E-1E48-4532-8489-CFE5D285C7E2}.Ad-Hoc|iPhone.Build.0 = Release|Any CPU
		{7F3ABF3E-1E48-4532-8489-CFE5D285C7E2}.Ad-Hoc|iPhone.Deploy.0 = Release|Any CPU
		{7F3ABF3E-1E48-4532-8489-CFE5D285C7E2}.Ad-Hoc|iPhoneSimulator.ActiveCfg = Release|Any CPU
		{7F3ABF3E-1E48-4532-8489-CFE5D285C7E2}.Ad-Hoc|iPhoneSimulator.Build.0 = Release|Any CPU
		{7F3ABF3E-1E48-4532-8489-CFE5D285C7E2}.Ad-Hoc|iPhoneSimulator.Deploy.0 = Release|Any CPU
		{7F3ABF3E-1E48-4532-8489-CFE5D285C7E2}.Ad-Hoc|x64.ActiveCfg = Release|x64
		{7F3ABF3E-1E48-4532-8489-CFE5D285C7E2}.Ad-Hoc|x64.Build.0 = Release|x64
		{7F3ABF3E-1E48-4532-8489-CFE5D285C7E2}.Ad-Hoc|x64.Deploy.0 = Release|x64
		{7F3ABF3E-1E48-4532-8489-CFE5D285C7E2}.Ad-Hoc|x86.ActiveCfg = Release|x86
		{7F3ABF3E-1E48-4532-8489-CFE5D285C7E2}.Ad-Hoc|x86.Build.0 = Release|x86
		{7F3ABF3E-1E48-4532-8489-CFE5D285C7E2}.Ad-Hoc|x86.Deploy.0 = Release|x86
		{7F3ABF3E-1E48-4532-8489-CFE5D285C7E2}.AppStore|Any CPU.ActiveCfg = Release|Any CPU
		{7F3ABF3E-1E48-4532-8489-CFE5D285C7E2}.AppStore|Any CPU.Build.0 = Release|Any CPU
		{7F3ABF3E-1E48-4532-8489-CFE5D285C7E2}.AppStore|Any CPU.Deploy.0 = Release|Any CPU
		{7F3ABF3E-1E48-4532-8489-CFE5D285C7E2}.AppStore|ARM.ActiveCfg = Release|ARM
		{7F3ABF3E-1E48-4532-8489-CFE5D285C7E2}.AppStore|ARM.Build.0 = Release|ARM
		{7F3ABF3E-1E48-4532-8489-CFE5D285C7E2}.AppStore|ARM.Deploy.0 = Release|ARM
		{7F3ABF3E-1E48-4532-8489-CFE5D285C7E2}.AppStore|iPhone.ActiveCfg = Release|Any CPU
		{7F3ABF3E-1E48-4532-8489-CFE5D285C7E2}.AppStore|iPhone.Build.0 = Release|Any CPU
		{7F3ABF3E-1E48-4532-8489-CFE5D285C7E2}.AppStore|iPhone.Deploy.0 = Release|Any CPU
		{7F3ABF3E-1E48-4532-8489-CFE5D285C7E2}.AppStore|iPhoneSimulator.ActiveCfg = Release|Any CPU
		{7F3ABF3E-1E48-4532-8489-CFE5D285C7E2}.AppStore|iPhoneSimulator.Build.0 = Release|Any CPU
		{7F3ABF3E-1E48-4532-8489-CFE5D285C7E2}.AppStore|iPhoneSimulator.Deploy.0 = Release|Any CPU
		{7F3ABF3E-1E48-4532-8489-CFE5D285C7E2}.AppStore|x64.ActiveCfg = Release|x64
		{7F3ABF3E-1E48-4532-8489-CFE5D285C7E2}.AppStore|x64.Build.0 = Release|x64
		{7F3ABF3E-1E48-4532-8489-CFE5D285C7E2}.AppStore|x64.Deploy.0 = Release|x64
		{7F3ABF3E-1E48-4532-8489-CFE5D285C7E2}.AppStore|x86.ActiveCfg = Release|x86
		{7F3ABF3E-1E48-4532-8489-CFE5D285C7E2}.AppStore|x86.Build.0 = Release|x86
		{7F3ABF3E-1E48-4532-8489-CFE5D285C7E2}.AppStore|x86.Deploy.0 = Release|x86
		{7F3ABF3E-1E48-4532-8489-CFE5D285C7E2}.Debug|Any CPU.ActiveCfg = Debug|Any CPU
		{7F3ABF3E-1E48-4532-8489-CFE5D285C7E2}.Debug|Any CPU.Build.0 = Debug|Any CPU
		{7F3ABF3E-1E48-4532-8489-CFE5D285C7E2}.Debug|Any CPU.Deploy.0 = Debug|Any CPU
		{7F3ABF3E-1E48-4532-8489-CFE5D285C7E2}.Debug|ARM.ActiveCfg = Debug|ARM
		{7F3ABF3E-1E48-4532-8489-CFE5D285C7E2}.Debug|ARM.Build.0 = Debug|ARM
		{7F3ABF3E-1E48-4532-8489-CFE5D285C7E2}.Debug|ARM.Deploy.0 = Debug|ARM
		{7F3ABF3E-1E48-4532-8489-CFE5D285C7E2}.Debug|iPhone.ActiveCfg = Debug|Any CPU
		{7F3ABF3E-1E48-4532-8489-CFE5D285C7E2}.Debug|iPhone.Build.0 = Debug|Any CPU
		{7F3ABF3E-1E48-4532-8489-CFE5D285C7E2}.Debug|iPhone.Deploy.0 = Debug|Any CPU
		{7F3ABF3E-1E48-4532-8489-CFE5D285C7E2}.Debug|iPhoneSimulator.ActiveCfg = Debug|Any CPU
		{7F3ABF3E-1E48-4532-8489-CFE5D285C7E2}.Debug|iPhoneSimulator.Build.0 = Debug|Any CPU
		{7F3ABF3E-1E48-4532-8489-CFE5D285C7E2}.Debug|iPhoneSimulator.Deploy.0 = Debug|Any CPU
		{7F3ABF3E-1E48-4532-8489-CFE5D285C7E2}.Debug|x64.ActiveCfg = Debug|x64
		{7F3ABF3E-1E48-4532-8489-CFE5D285C7E2}.Debug|x64.Build.0 = Debug|x64
		{7F3ABF3E-1E48-4532-8489-CFE5D285C7E2}.Debug|x64.Deploy.0 = Debug|x64
		{7F3ABF3E-1E48-4532-8489-CFE5D285C7E2}.Debug|x86.ActiveCfg = Debug|x86
		{7F3ABF3E-1E48-4532-8489-CFE5D285C7E2}.Debug|x86.Build.0 = Debug|x86
		{7F3ABF3E-1E48-4532-8489-CFE5D285C7E2}.Debug|x86.Deploy.0 = Debug|x86
		{7F3ABF3E-1E48-4532-8489-CFE5D285C7E2}.Release|Any CPU.ActiveCfg = Release|Any CPU
		{7F3ABF3E-1E48-4532-8489-CFE5D285C7E2}.Release|Any CPU.Build.0 = Release|Any CPU
		{7F3ABF3E-1E48-4532-8489-CFE5D285C7E2}.Release|Any CPU.Deploy.0 = Release|Any CPU
		{7F3ABF3E-1E48-4532-8489-CFE5D285C7E2}.Release|ARM.ActiveCfg = Release|ARM
		{7F3ABF3E-1E48-4532-8489-CFE5D285C7E2}.Release|ARM.Build.0 = Release|ARM
		{7F3ABF3E-1E48-4532-8489-CFE5D285C7E2}.Release|ARM.Deploy.0 = Release|ARM
		{7F3ABF3E-1E48-4532-8489-CFE5D285C7E2}.Release|iPhone.ActiveCfg = Release|Any CPU
		{7F3ABF3E-1E48-4532-8489-CFE5D285C7E2}.Release|iPhone.Build.0 = Release|Any CPU
		{7F3ABF3E-1E48-4532-8489-CFE5D285C7E2}.Release|iPhone.Deploy.0 = Release|Any CPU
		{7F3ABF3E-1E48-4532-8489-CFE5D285C7E2}.Release|iPhoneSimulator.ActiveCfg = Release|Any CPU
		{7F3ABF3E-1E48-4532-8489-CFE5D285C7E2}.Release|iPhoneSimulator.Build.0 = Release|Any CPU
		{7F3ABF3E-1E48-4532-8489-CFE5D285C7E2}.Release|iPhoneSimulator.Deploy.0 = Release|Any CPU
		{7F3ABF3E-1E48-4532-8489-CFE5D285C7E2}.Release|x64.ActiveCfg = Release|x64
		{7F3ABF3E-1E48-4532-8489-CFE5D285C7E2}.Release|x64.Build.0 = Release|x64
		{7F3ABF3E-1E48-4532-8489-CFE5D285C7E2}.Release|x64.Deploy.0 = Release|x64
		{7F3ABF3E-1E48-4532-8489-CFE5D285C7E2}.Release|x86.ActiveCfg = Release|x86
		{7F3ABF3E-1E48-4532-8489-CFE5D285C7E2}.Release|x86.Build.0 = Release|x86
		{7F3ABF3E-1E48-4532-8489-CFE5D285C7E2}.Release|x86.Deploy.0 = Release|x86
	EndGlobalSection
	GlobalSection(SolutionProperties) = preSolution
		HideSolutionNode = FALSE
	EndGlobalSection
EndGlobal
